
Microsoft Visual Studio Solution File, Format Version 12.00
# Visual Studio Version 16
VisualStudioVersion = 16.0.32228.343
MinimumVisualStudioVersion = 10.0.40219.1
Project("{FAE04EC0-301F-11D3-BF4B-00C04F79EFBC}") = "PlayMoveDesafioProject", "PlayMoveDesafioProject\PlayMoveDesafioProject.csproj", "{7822CE28-83B1-405F-9ED1-C104FAD474C3}"
EndProject
Global
	GlobalSection(SolutionConfigurationPlatforms) = preSolution
		Debug|Any CPU = Debug|Any CPU
		Release|Any CPU = Release|Any CPU
	EndGlobalSection
	GlobalSection(ProjectConfigurationPlatforms) = postSolution
		{7822CE28-83B1-405F-9ED1-C104FAD474C3}.Debug|Any CPU.ActiveCfg = Debug|Any CPU
		{7822CE28-83B1-405F-9ED1-C104FAD474C3}.Debug|Any CPU.Build.0 = Debug|Any CPU
		{7822CE28-83B1-405F-9ED1-C104FAD474C3}.Release|Any CPU.ActiveCfg = Release|Any CPU
		{7822CE28-83B1-405F-9ED1-C104FAD474C3}.Release|Any CPU.Build.0 = Release|Any CPU
	EndGlobalSection
	GlobalSection(SolutionProperties) = preSolution
		HideSolutionNode = FALSE
	EndGlobalSection
	GlobalSection(ExtensibilityGlobals) = postSolution
		SolutionGuid = {2A64826C-FC98-425A-B775-9924D648E780}
	EndGlobalSection
EndGlobal
